
Microsoft Visual Studio Solution File, Format Version 12.00
# Visual Studio Version 17
VisualStudioVersion = 17.3.32929.385
MinimumVisualStudioVersion = 10.0.40219.1
Project("{FAE04EC0-301F-11D3-BF4B-00C04F79EFBC}") = "TOMBOLA-COMPITO VACANZE", "TOMBOLA-COMPITO VACANZE\TOMBOLA-COMPITO VACANZE.csproj", "{5804252F-250B-4755-9DD9-F288F57465B3}"
EndProject
Global
	GlobalSection(SolutionConfigurationPlatforms) = preSolution
		Debug|Any CPU = Debug|Any CPU
		Release|Any CPU = Release|Any CPU
	EndGlobalSection
	GlobalSection(ProjectConfigurationPlatforms) = postSolution
		{5804252F-250B-4755-9DD9-F288F57465B3}.Debug|Any CPU.ActiveCfg = Debug|Any CPU
		{5804252F-250B-4755-9DD9-F288F57465B3}.Debug|Any CPU.Build.0 = Debug|Any CPU
		{5804252F-250B-4755-9DD9-F288F57465B3}.Release|Any CPU.ActiveCfg = Release|Any CPU
		{5804252F-250B-4755-9DD9-F288F57465B3}.Release|Any CPU.Build.0 = Release|Any CPU
	EndGlobalSection
	GlobalSection(SolutionProperties) = preSolution
		HideSolutionNode = FALSE
	EndGlobalSection
	GlobalSection(ExtensibilityGlobals) = postSolution
		SolutionGuid = {8F226501-A6E1-464F-AAD9-F2A46D91347C}
	EndGlobalSection
EndGlobal
